
Microsoft Visual Studio Solution File, Format Version 12.00
# Visual Studio Version 17
VisualStudioVersion = 17.9.34714.143
MinimumVisualStudioVersion = 10.0.40219.1
Project("{FAE04EC0-301F-11D3-BF4B-00C04F79EFBC}") = "Loop_Week4_Tutorial", "Loop_Week4_Tutorial\Loop_Week4_Tutorial.csproj", "{C0B86967-148C-4DD7-BC09-95B422F51DEB}"
EndProject
Global
	GlobalSection(SolutionConfigurationPlatforms) = preSolution
		Debug|Any CPU = Debug|Any CPU
		Release|Any CPU = Release|Any CPU
	EndGlobalSection
	GlobalSection(ProjectConfigurationPlatforms) = postSolution
		{C0B86967-148C-4DD7-BC09-95B422F51DEB}.Debug|Any CPU.ActiveCfg = Debug|Any CPU
		{C0B86967-148C-4DD7-BC09-95B422F51DEB}.Debug|Any CPU.Build.0 = Debug|Any CPU
		{C0B86967-148C-4DD7-BC09-95B422F51DEB}.Release|Any CPU.ActiveCfg = Release|Any CPU
		{C0B86967-148C-4DD7-BC09-95B422F51DEB}.Release|Any CPU.Build.0 = Release|Any CPU
	EndGlobalSection
	GlobalSection(SolutionProperties) = preSolution
		HideSolutionNode = FALSE
	EndGlobalSection
	GlobalSection(ExtensibilityGlobals) = postSolution
		SolutionGuid = {64A63B8E-EE09-48EF-B08E-20D95C60847A}
	EndGlobalSection
EndGlobal
